
Microsoft Visual Studio Solution File, Format Version 12.00
# Visual Studio Version 17
VisualStudioVersion = 17.14.36212.18 d17.14
MinimumVisualStudioVersion = 10.0.40219.1
Project("{FAE04EC0-301F-11D3-BF4B-00C04F79EFBC}") = "Ass2", "Ass2\Ass2.csproj", "{189B2FAF-01C5-4A19-B152-8B205A77440E}"
EndProject
Global
	GlobalSection(SolutionConfigurationPlatforms) = preSolution
		Debug|Any CPU = Debug|Any CPU
		Release|Any CPU = Release|Any CPU
	EndGlobalSection
	GlobalSection(ProjectConfigurationPlatforms) = postSolution
		{189B2FAF-01C5-4A19-B152-8B205A77440E}.Debug|Any CPU.ActiveCfg = Debug|Any CPU
		{189B2FAF-01C5-4A19-B152-8B205A77440E}.Debug|Any CPU.Build.0 = Debug|Any CPU
		{189B2FAF-01C5-4A19-B152-8B205A77440E}.Release|Any CPU.ActiveCfg = Release|Any CPU
		{189B2FAF-01C5-4A19-B152-8B205A77440E}.Release|Any CPU.Build.0 = Release|Any CPU
	EndGlobalSection
	GlobalSection(SolutionProperties) = preSolution
		HideSolutionNode = FALSE
	EndGlobalSection
	GlobalSection(ExtensibilityGlobals) = postSolution
		SolutionGuid = {A523F725-3789-45D0-B544-71E662C8B180}
	EndGlobalSection
EndGlobal
